
Microsoft Visual Studio Solution File, Format Version 12.00
# Visual Studio 14
VisualStudioVersion = 14.0.25420.1
MinimumVisualStudioVersion = 10.0.40219.1
Project("{2150E333-8FDC-42A3-9474-1A3956D46DE8}") = "src", "src", "{B0345050-0A2A-45BA-A495-C009EAE95E11}"
EndProject
Project("{2150E333-8FDC-42A3-9474-1A3956D46DE8}") = "test", "test", "{E8F140C7-5803-4F3A-B89F-F37F635DE48A}"
EndProject
Project("{8BB2217D-0F2D-49D1-97BC-3654ED321F3B}") = "App", "src\App\App.xproj", "{C7D4EE2A-142E-46C7-8148-72F3948DB868}"
EndProject
Project("{8BB2217D-0F2D-49D1-97BC-3654ED321F3B}") = "App.Tests", "test\App.Tests\App.Tests.xproj", "{3AED06CC-55EE-4876-9EC0-CB5748EF2123}"
EndProject
Project("{2150E333-8FDC-42A3-9474-1A3956D46DE8}") = "Solution Items", "Solution Items", "{2F8DBB4F-6675-4AB1-A800-F7EF52A30E51}"
	ProjectSection(SolutionItems) = preProject
		appveyor.yml = appveyor.yml
		global.json = global.json
	EndProjectSection
EndProject
Global
	GlobalSection(SolutionConfigurationPlatforms) = preSolution
		Debug|Any CPU = Debug|Any CPU
		Release|Any CPU = Release|Any CPU
	EndGlobalSection
	GlobalSection(ProjectConfigurationPlatforms) = postSolution
		{C7D4EE2A-142E-46C7-8148-72F3948DB868}.Debug|Any CPU.ActiveCfg = Debug|Any CPU
		{C7D4EE2A-142E-46C7-8148-72F3948DB868}.Debug|Any CPU.Build.0 = Debug|Any CPU
		{C7D4EE2A-142E-46C7-8148-72F3948DB868}.Release|Any CPU.ActiveCfg = Release|Any CPU
		{C7D4EE2A-142E-46C7-8148-72F3948DB868}.Release|Any CPU.Build.0 = Release|Any CPU
		{3AED06CC-55EE-4876-9EC0-CB5748EF2123}.Debug|Any CPU.ActiveCfg = Debug|Any CPU
		{3AED06CC-55EE-4876-9EC0-CB5748EF2123}.Debug|Any CPU.Build.0 = Debug|Any CPU
		{3AED06CC-55EE-4876-9EC0-CB5748EF2123}.Release|Any CPU.ActiveCfg = Release|Any CPU
		{3AED06CC-55EE-4876-9EC0-CB5748EF2123}.Release|Any CPU.Build.0 = Release|Any CPU
	EndGlobalSection
	GlobalSection(SolutionProperties) = preSolution
		HideSolutionNode = FALSE
	EndGlobalSection
	GlobalSection(NestedProjects) = preSolution
		{C7D4EE2A-142E-46C7-8148-72F3948DB868} = {B0345050-0A2A-45BA-A495-C009EAE95E11}
		{3AED06CC-55EE-4876-9EC0-CB5748EF2123} = {E8F140C7-5803-4F3A-B89F-F37F635DE48A}
	EndGlobalSection
EndGlobal
